# This file is automatically @generated by Cargo.
# It is not intended for manual editing.
version = 3

[[package]]
name = "aho-corasick"
version = "0.7.20"
source = "registry+https://github.com/rust-lang/crates.io-index"
checksum = "cc936419f96fa211c1b9166887b38e5e40b19958e5b895be7c1f93adec7071ac"
dependencies = [
 "memchr",
]

[[package]]
name = "aligned"
version = "0.2.0"
source = "registry+https://github.com/rust-lang/crates.io-index"
checksum = "d39da9b88ae1a81c03c9c082b8db83f1d0e93914126041962af61034ab44c4a5"

[[package]]
name = "aligned"
version = "0.3.5"
source = "registry+https://github.com/rust-lang/crates.io-index"
checksum = "3a785a543aea40f5e4e2e93bb2655d31bc21bb391fff65697150973e383f16bb"
dependencies = [
 "as-slice",
]

[[package]]
name = "anyhow"
version = "1.0.68"
source = "registry+https://github.com/rust-lang/crates.io-index"
checksum = "2cb2f989d18dd141ab8ae82f64d1a8cdd37e0840f73a406896cf5e99502fab61"

[[package]]
name = "as-slice"
version = "0.1.5"
source = "registry+https://github.com/rust-lang/crates.io-index"
checksum = "45403b49e3954a4b8428a0ac21a4b7afadccf92bfd96273f1a58cd4812496ae0"
dependencies = [
 "generic-array 0.12.4",
 "generic-array 0.13.3",
 "generic-array 0.14.6",
 "stable_deref_trait",
]

[[package]]
name = "atomic-polyfill"
version = "0.1.11"
source = "registry+https://github.com/rust-lang/crates.io-index"
checksum = "e3ff7eb3f316534d83a8a2c3d1674ace8a5a71198eba31e2e2b597833f699b28"
dependencies = [
 "critical-section",
]

[[package]]
name = "autocfg"
version = "1.1.0"
source = "registry+https://github.com/rust-lang/crates.io-index"
checksum = "d468802bab17cbc0cc575e9b053f41e72aa36bfa6b7f55e3529ffa43161b97fa"

[[package]]
name = "az"
version = "1.2.1"
source = "registry+https://github.com/rust-lang/crates.io-index"
checksum = "7b7e4c2464d97fe331d41de9d5db0def0a96f4d823b8b32a2efd503578988973"

[[package]]
name = "bare-metal"
version = "0.2.5"
source = "registry+https://github.com/rust-lang/crates.io-index"
checksum = "5deb64efa5bd81e31fcd1938615a6d98c82eafcbcd787162b6f63b91d6bac5b3"
dependencies = [
 "rustc_version 0.2.3",
]

[[package]]
name = "bare-metal"
version = "1.0.0"
source = "registry+https://github.com/rust-lang/crates.io-index"
checksum = "f8fe8f5a8a398345e52358e18ff07cc17a568fbca5c6f73873d3a62056309603"

[[package]]
name = "bitfield"
version = "0.13.2"
source = "registry+https://github.com/rust-lang/crates.io-index"
checksum = "46afbd2983a5d5a7bd740ccb198caf5b82f45c40c09c0eed36052d91cb92e719"

[[package]]
name = "build_const"
version = "0.2.2"
source = "registry+https://github.com/rust-lang/crates.io-index"
checksum = "b4ae4235e6dac0694637c763029ecea1a2ec9e4e06ec2729bd21ba4d9c863eb7"

[[package]]
name = "byteorder"
version = "1.4.3"
source = "registry+https://github.com/rust-lang/crates.io-index"
checksum = "14c189c53d098945499cdfa7ecc63567cf3886b3332b312a5b4585d8d3a6a610"

[[package]]
name = "cast"
version = "0.2.7"
source = "registry+https://github.com/rust-lang/crates.io-index"
checksum = "4c24dab4283a142afa2fdca129b80ad2c6284e073930f964c3a1293c225ee39a"
dependencies = [
 "rustc_version 0.4.0",
]

[[package]]
name = "cfg-if"
version = "1.0.0"
source = "registry+https://github.com/rust-lang/crates.io-index"
checksum = "baf1de4339761588bc0619e3cbc0120ee582ebb74b53b4efbf79117bd2da40fd"

[[package]]
name = "core-isa-parser"
version = "0.2.0"
source = "registry+https://github.com/rust-lang/crates.io-index"
checksum = "23ec98e54b735872e54b2335c2e5a5c7fa7d9c3bfd45500f75280f84089a0083"
dependencies = [
 "anyhow",
 "enum-as-inner",
 "regex",
 "strum",
 "strum_macros",
]

[[package]]
name = "cortex-m"
version = "0.5.11"
source = "registry+https://github.com/rust-lang/crates.io-index"
checksum = "59971a5cf4dacacaf738dd9d8660875118fce790f800f661893eb20894c1d622"
dependencies = [
 "aligned 0.2.0",
 "bare-metal 0.2.5",
 "cortex-m 0.6.7",
 "volatile-register",
]

[[package]]
name = "cortex-m"
version = "0.6.7"
source = "registry+https://github.com/rust-lang/crates.io-index"
checksum = "9075300b07c6a56263b9b582c214d0ff037b00d45ec9fde1cc711490c56f1bb9"
dependencies = [
 "aligned 0.3.5",
 "bare-metal 0.2.5",
 "bitfield",
 "cortex-m 0.7.6",
 "volatile-register",
]

[[package]]
name = "cortex-m"
version = "0.7.6"
source = "registry+https://github.com/rust-lang/crates.io-index"
checksum = "70858629a458fdfd39f9675c4dc309411f2a3f83bede76988d81bf1a0ecee9e0"
dependencies = [
 "bare-metal 0.2.5",
 "bitfield",
 "embedded-hal",
 "volatile-register",
]

[[package]]
name = "cortex-m-log"
version = "0.4.0"
source = "registry+https://github.com/rust-lang/crates.io-index"
checksum = "62d666a7362a29620140c5a0a8149dd31f06bd6a804240f32359a83ded1e210a"
dependencies = [
 "cortex-m 0.5.11",
 "log",
]

[[package]]
name = "cortex-m-rt"
version = "0.6.15"
source = "registry+https://github.com/rust-lang/crates.io-index"
checksum = "454f278bf469e2de0a4d22ea019d169d8944f86957c8207a39e3f66c32be2fc6"
dependencies = [
 "cortex-m-rt-macros",
 "r0 0.2.2",
]

[[package]]
name = "cortex-m-rt-macros"
version = "0.6.15"
source = "registry+https://github.com/rust-lang/crates.io-index"
checksum = "c8e3aa52243e26f5922fa522b0814019e0c98fc567e2756d715dce7ad7a81f49"
dependencies = [
 "proc-macro2",
 "quote",
 "syn",
]

[[package]]
name = "cortex-m-rtic"
version = "0.5.9"
source = "registry+https://github.com/rust-lang/crates.io-index"
checksum = "fb77bb72c171d0aa52a2954d8dc7e3f0800ab54b8df7d826f138abbea9eb2794"
dependencies = [
 "cortex-m 0.6.7",
 "cortex-m-rtic-macros",
 "heapless 0.6.1",
 "rtic-core",
 "version_check",
]

[[package]]
name = "cortex-m-rtic-macros"
version = "0.5.3"
source = "registry+https://github.com/rust-lang/crates.io-index"
checksum = "cc874eda99515b15e67f03562726a530388f454431096d30131051b52b840559"
dependencies = [
 "proc-macro2",
 "quote",
 "rtic-syntax",
 "syn",
]

[[package]]
name = "cortex-m-semihosting"
version = "0.3.7"
source = "registry+https://github.com/rust-lang/crates.io-index"
checksum = "6bffa6c1454368a6aa4811ae60964c38e6996d397ff8095a8b9211b1c1f749bc"
dependencies = [
 "cortex-m 0.7.6",
]

[[package]]
name = "crc"
version = "1.8.1"
source = "registry+https://github.com/rust-lang/crates.io-index"
checksum = "d663548de7f5cca343f1e0a48d14dcfb0e9eb4e079ec58883b7251539fa10aeb"
dependencies = [
 "build_const",
]

[[package]]
name = "critical-section"
version = "1.1.1"
source = "registry+https://github.com/rust-lang/crates.io-index"
checksum = "6548a0ad5d2549e111e1f6a11a6c2e2d00ce6a3dafe22948d67c2b443f775e52"

[[package]]
name = "darling"
version = "0.14.2"
source = "registry+https://github.com/rust-lang/crates.io-index"
checksum = "b0dd3cd20dc6b5a876612a6e5accfe7f3dd883db6d07acfbf14c128f61550dfa"
dependencies = [
 "darling_core",
 "darling_macro",
]

[[package]]
name = "darling_core"
version = "0.14.2"
source = "registry+https://github.com/rust-lang/crates.io-index"
checksum = "a784d2ccaf7c98501746bf0be29b2022ba41fd62a2e622af997a03e9f972859f"
dependencies = [
 "fnv",
 "ident_case",
 "proc-macro2",
 "quote",
 "strsim",
 "syn",
]

[[package]]
name = "darling_macro"
version = "0.14.2"
source = "registry+https://github.com/rust-lang/crates.io-index"
checksum = "7618812407e9402654622dd402b0a89dff9ba93badd6540781526117b92aab7e"
dependencies = [
 "darling_core",
 "quote",
 "syn",
]

[[package]]
name = "embedded-dma"
version = "0.2.0"
source = "registry+https://github.com/rust-lang/crates.io-index"
checksum = "994f7e5b5cb23521c22304927195f236813053eb9c065dd2226a32ba64695446"
dependencies = [
 "stable_deref_trait",
]

[[package]]
name = "embedded-graphics"
version = "0.7.1"
source = "registry+https://github.com/rust-lang/crates.io-index"
checksum = "750082c65094fbcc4baf9ba31583ce9a8bb7f52cadfb96f6164b1bc7f922f32b"
dependencies = [
 "az",
 "byteorder",
 "embedded-graphics-core",
 "float-cmp",
 "micromath",
]

[[package]]
name = "embedded-graphics-core"
version = "0.3.3"
source = "registry+https://github.com/rust-lang/crates.io-index"
checksum = "b8b1239db5f3eeb7e33e35bd10bd014e7b2537b17e071f726a09351431337cfa"
dependencies = [
 "az",
 "byteorder",
]

[[package]]
name = "embedded-hal"
version = "0.2.7"
source = "registry+https://github.com/rust-lang/crates.io-index"
checksum = "35949884794ad573cf46071e41c9b60efb0cb311e3ca01f7af807af1debc66ff"
dependencies = [
 "nb 0.1.3",
 "void",
]

[[package]]
name = "enum-as-inner"
version = "0.4.0"
source = "registry+https://github.com/rust-lang/crates.io-index"
checksum = "21cdad81446a7f7dc43f6a77409efeb9733d2fa65553efef6018ef257c959b73"
dependencies = [
 "heck",
 "proc-macro2",
 "quote",
 "syn",
]

[[package]]
name = "esp-backtrace"
version = "0.4.0"
source = "registry+https://github.com/rust-lang/crates.io-index"
checksum = "1834d20d58dc6baaf063924cb3ffa0b7f6388a593bae310c9f228c4bd47f0dde"
dependencies = [
 "esp-println",
 "xtensa-lx-rt",
]

[[package]]
name = "esp-hal-common"
version = "0.4.0"
source = "registry+https://github.com/rust-lang/crates.io-index"
checksum = "007db8d84050d19fec367bece124cccbdf6837ff0ea8e1a4fc04599148ab5ea1"
dependencies = [
 "cfg-if",
 "critical-section",
 "embedded-dma",
 "embedded-hal",
 "esp-hal-procmacros",
 "esp-synopsys-usb-otg",
 "esp32s3",
 "fugit",
 "lock_api",
 "nb 1.0.0",
 "paste",
 "usb-device",
 "void",
 "xtensa-lx",
 "xtensa-lx-rt",
]

[[package]]
name = "esp-hal-procmacros"
version = "0.1.0"
source = "registry+https://github.com/rust-lang/crates.io-index"
checksum = "7dd1fb5018ef2c57daadf84e9bbff1c9e48c04958d32bc1469f781a96ec82e8e"
dependencies = [
 "darling",
 "proc-macro-error",
 "proc-macro2",
 "quote",
 "syn",
]

[[package]]
name = "esp-println"
version = "0.3.1"
source = "registry+https://github.com/rust-lang/crates.io-index"
checksum = "adcfe5d532cf2029b11996cab6b4af948f41c24b131c76422115634711549aaa"

[[package]]
name = "esp-synopsys-usb-otg"
version = "0.3.1"
source = "registry+https://github.com/rust-lang/crates.io-index"
checksum = "0879f2f008c0213b1a5959345e54afcbf1490c1591f5145a5e65bdff371b65af"
dependencies = [
 "critical-section",
 "embedded-hal",
 "usb-device",
 "vcell",
]

[[package]]
name = "esp32s3"
version = "0.11.0"
source = "registry+https://github.com/rust-lang/crates.io-index"
checksum = "6af4af40ef25226541eac0ca76793618e4b1dbb5d5116b39cea9c72340cae8ec"
dependencies = [
 "critical-section",
 "vcell",
 "xtensa-lx",
 "xtensa-lx-rt",
]

[[package]]
name = "esp32s3-hal"
version = "0.4.0"
source = "registry+https://github.com/rust-lang/crates.io-index"
checksum = "ebe72253953413cd960a450505160dadf14bfe34ab0653fead5d464c9fdda1cb"
dependencies = [
 "bare-metal 1.0.0",
 "embedded-hal",
 "esp-hal-common",
 "xtensa-lx",
 "xtensa-lx-rt",
]

[[package]]
name = "float-cmp"
version = "0.8.0"
source = "registry+https://github.com/rust-lang/crates.io-index"
checksum = "e1267f4ac4f343772758f7b1bdcbe767c218bbab93bb432acbf5162bbf85a6c4"
dependencies = [
 "num-traits",
]

[[package]]
name = "fnv"
version = "1.0.7"
source = "registry+https://github.com/rust-lang/crates.io-index"
checksum = "3f9eec918d3f24069decb9af1554cad7c880e2da24a9afd88aca000531ab82c1"

[[package]]
name = "fugit"
version = "0.3.6"
source = "registry+https://github.com/rust-lang/crates.io-index"
checksum = "7ab17bb279def6720d058cb6c052249938e7f99260ab534879281a95367a87e5"
dependencies = [
 "gcd",
]

[[package]]
name = "gcd"
version = "2.2.0"
source = "registry+https://github.com/rust-lang/crates.io-index"
checksum = "a4b1b088ad0a967aa29540456b82fc8903f854775d33f71e9709c4efb3dfbfd2"

[[package]]
name = "generic-array"
version = "0.11.2"
source = "registry+https://github.com/rust-lang/crates.io-index"
checksum = "667f6ea017b297ec65b8a108c6e9ad6879460721fb3b6b23abf690970147fc28"
dependencies = [
 "typenum",
]

[[package]]
name = "generic-array"
version = "0.12.4"
source = "registry+https://github.com/rust-lang/crates.io-index"
checksum = "ffdf9f34f1447443d37393cc6c2b8313aebddcd96906caf34e54c68d8e57d7bd"
dependencies = [
 "typenum",
]

[[package]]
name = "generic-array"
version = "0.13.3"
source = "registry+https://github.com/rust-lang/crates.io-index"
checksum = "f797e67af32588215eaaab8327027ee8e71b9dd0b2b26996aedf20c030fce309"
dependencies = [
 "typenum",
]

[[package]]
name = "generic-array"
version = "0.14.6"
source = "registry+https://github.com/rust-lang/crates.io-index"
checksum = "bff49e947297f3312447abdca79f45f4738097cc82b06e72054d2223f601f1b9"
dependencies = [
 "typenum",
 "version_check",
]

[[package]]
name = "hash32"
version = "0.1.1"
source = "registry+https://github.com/rust-lang/crates.io-index"
checksum = "d4041af86e63ac4298ce40e5cca669066e75b6f1aa3390fe2561ffa5e1d9f4cc"
dependencies = [
 "byteorder",
]

[[package]]
name = "hash32"
version = "0.2.1"
source = "registry+https://github.com/rust-lang/crates.io-index"
checksum = "b0c35f58762feb77d74ebe43bdbc3210f09be9fe6742234d573bacc26ed92b67"
dependencies = [
 "byteorder",
]

[[package]]
name = "hashbrown"
version = "0.12.3"
source = "registry+https://github.com/rust-lang/crates.io-index"
checksum = "8a9ee70c43aaf417c914396645a0fa852624801b24ebb7ae78fe8272889ac888"

[[package]]
name = "heapless"
version = "0.4.4"
source = "registry+https://github.com/rust-lang/crates.io-index"
checksum = "e1ae80bbc62401ae8096976857172507cadbd2200f36670e5144634360a05959"
dependencies = [
 "as-slice",
 "generic-array 0.11.2",
 "hash32 0.1.1",
]

[[package]]
name = "heapless"
version = "0.6.1"
source = "registry+https://github.com/rust-lang/crates.io-index"
checksum = "634bd4d29cbf24424d0a4bfcbf80c6960129dc24424752a7d1d1390607023422"
dependencies = [
 "as-slice",
 "generic-array 0.14.6",
 "hash32 0.1.1",
 "stable_deref_trait",
]

[[package]]
name = "heapless"
version = "0.7.16"
source = "registry+https://github.com/rust-lang/crates.io-index"
checksum = "db04bc24a18b9ea980628ecf00e6c0264f3c1426dac36c00cb49b6fbad8b0743"
dependencies = [
 "atomic-polyfill",
 "hash32 0.2.1",
 "rustc_version 0.4.0",
 "spin",
 "stable_deref_trait",
]

[[package]]
name = "heck"
version = "0.4.0"
source = "registry+https://github.com/rust-lang/crates.io-index"
checksum = "2540771e65fc8cb83cd6e8a237f70c319bd5c29f78ed1084ba5d50eeac86f7f9"

[[package]]
name = "hm11"
version = "0.2.1"
source = "registry+https://github.com/rust-lang/crates.io-index"
checksum = "bfabb682fcb7cf6e15c57bd9beda42c0aaa11ca1db1466f56dbf41a161cf1bbf"
dependencies = [
 "embedded-hal",
 "heapless 0.4.4",
 "nb 0.1.3",
]

[[package]]
name = "ident_case"
version = "1.0.1"
source = "registry+https://github.com/rust-lang/crates.io-index"
checksum = "b9e0384b61958566e926dc50660321d12159025e767c18e043daf26b70104c39"

[[package]]
name = "indexmap"
version = "1.9.2"
source = "registry+https://github.com/rust-lang/crates.io-index"
checksum = "1885e79c1fc4b10f0e172c475f458b7f7b93061064d98c3293e98c5ba0c8b399"
dependencies = [
 "autocfg",
 "hashbrown",
]

[[package]]
name = "kernel-esp32s3"
version = "0.1.0"
dependencies = [
 "esp-backtrace",
 "esp32s3-hal",
 "mwatch_kernel",
 "xtensa-lx-rt",
]

[[package]]
name = "lock_api"
version = "0.4.9"
source = "registry+https://github.com/rust-lang/crates.io-index"
checksum = "435011366fe56583b16cf956f9df0095b405b82d76425bc8981c0e22e60ec4df"
dependencies = [
 "autocfg",
 "scopeguard",
]

[[package]]
name = "log"
version = "0.4.17"
source = "registry+https://github.com/rust-lang/crates.io-index"
checksum = "abb12e687cfb44aa40f41fc3978ef76448f9b6038cad6aef4259d3c095a2382e"
dependencies = [
 "cfg-if",
]

[[package]]
name = "max17048"
version = "0.1.0"
source = "registry+https://github.com/rust-lang/crates.io-index"
checksum = "98c522e4c30912075a931cef0ede9d43e3ae0d60ffe27d5aa04f4b108521f3a4"
dependencies = [
 "embedded-hal",
]

[[package]]
name = "memchr"
version = "2.5.0"
source = "registry+https://github.com/rust-lang/crates.io-index"
checksum = "2dffe52ecf27772e601905b7522cb4ef790d2cc203488bbd0e2fe85fcb74566d"

[[package]]
name = "micromath"
version = "1.1.1"
source = "registry+https://github.com/rust-lang/crates.io-index"
checksum = "bc4010833aea396656c2f91ee704d51a6f1329ec2ab56ffd00bfd56f7481ea94"

[[package]]
name = "minijinja"
version = "0.15.0"
source = "registry+https://github.com/rust-lang/crates.io-index"
checksum = "359c4820413be7706e93999171652e140578384f85faac14cb22d350bd0fbabf"
dependencies = [
 "serde",
]

[[package]]
name = "mutex-trait"
version = "0.2.0"
source = "registry+https://github.com/rust-lang/crates.io-index"
checksum = "b4bb1638d419e12f8b1c43d9e639abd0d1424285bdea2f76aa231e233c63cd3a"

[[package]]
name = "mwatch-kernel-stm32l4"
version = "2.0.0"
dependencies = [
 "cfg-if",
 "cortex-m 0.5.11",
 "cortex-m-log",
 "cortex-m-rt",
 "cortex-m-rtic",
 "crc",
 "embedded-graphics",
 "embedded-hal",
 "heapless 0.7.16",
 "hm11",
 "log",
 "max17048",
 "mwatch_kernel",
 "panic-itm",
 "panic-rtt-target",
 "panic-semihosting",
 "rtt-target",
 "simple-hex",
 "ssd1351",
 "stm32l4xx-hal",
 "time",
]

[[package]]
name = "mwatch_kernel"
version = "2.0.0"
dependencies = [
 "crc",
 "embedded-graphics",
 "embedded-hal",
 "heapless 0.7.16",
 "log",
 "simple-hex",
 "time",
]

[[package]]
name = "nb"
version = "0.1.3"
source = "registry+https://github.com/rust-lang/crates.io-index"
checksum = "801d31da0513b6ec5214e9bf433a77966320625a37860f910be265be6e18d06f"
dependencies = [
 "nb 1.0.0",
]

[[package]]
name = "nb"
version = "1.0.0"
source = "registry+https://github.com/rust-lang/crates.io-index"
checksum = "546c37ac5d9e56f55e73b677106873d9d9f5190605e41a856503623648488cae"

[[package]]
name = "num-traits"
version = "0.2.15"
source = "registry+https://github.com/rust-lang/crates.io-index"
checksum = "578ede34cf02f8924ab9447f50c28075b4d3e5b269972345e7e0372b38c6cdcd"
dependencies = [
 "autocfg",
]

[[package]]
name = "panic-itm"
version = "0.4.2"
source = "registry+https://github.com/rust-lang/crates.io-index"
checksum = "3d577d97d1b31268087b6dddf2470e6794ef5eee87d9dca7fcd0481695391a4c"
dependencies = [
 "cortex-m 0.7.6",
]

[[package]]
name = "panic-rtt-target"
version = "0.1.2"
source = "registry+https://github.com/rust-lang/crates.io-index"
checksum = "0d6ab67bc881453e4c90f958c657c1303670ea87bc1a16e87fd71a40f656dce9"
dependencies = [
 "cortex-m 0.7.6",
 "rtt-target",
]

[[package]]
name = "panic-semihosting"
version = "0.5.6"
source = "registry+https://github.com/rust-lang/crates.io-index"
checksum = "c3d55dedd501dfd02514646e0af4d7016ce36bc12ae177ef52056989966a1eec"
dependencies = [
 "cortex-m 0.7.6",
 "cortex-m-semihosting",
]

[[package]]
name = "paste"
version = "1.0.11"
source = "registry+https://github.com/rust-lang/crates.io-index"
checksum = "d01a5bd0424d00070b0098dd17ebca6f961a959dead1dbcbbbc1d1cd8d3deeba"

[[package]]
name = "proc-macro-error"
version = "1.0.4"
source = "registry+https://github.com/rust-lang/crates.io-index"
checksum = "da25490ff9892aab3fcf7c36f08cfb902dd3e71ca0f9f9517bea02a73a5ce38c"
dependencies = [
 "proc-macro-error-attr",
 "proc-macro2",
 "quote",
 "syn",
 "version_check",
]

[[package]]
name = "proc-macro-error-attr"
version = "1.0.4"
source = "registry+https://github.com/rust-lang/crates.io-index"
checksum = "a1be40180e52ecc98ad80b184934baf3d0d29f979574e439af5a55274b35f869"
dependencies = [
 "proc-macro2",
 "quote",
 "version_check",
]

[[package]]
name = "proc-macro2"
version = "1.0.49"
source = "registry+https://github.com/rust-lang/crates.io-index"
checksum = "57a8eca9f9c4ffde41714334dee777596264c7825420f521abc92b5b5deb63a5"
dependencies = [
 "unicode-ident",
]

[[package]]
name = "quote"
version = "1.0.23"
source = "registry+https://github.com/rust-lang/crates.io-index"
checksum = "8856d8364d252a14d474036ea1358d63c9e6965c8e5c1885c18f73d70bff9c7b"
dependencies = [
 "proc-macro2",
]

[[package]]
name = "r0"
version = "0.2.2"
source = "registry+https://github.com/rust-lang/crates.io-index"
checksum = "e2a38df5b15c8d5c7e8654189744d8e396bddc18ad48041a500ce52d6948941f"

[[package]]
name = "r0"
version = "1.0.0"
source = "registry+https://github.com/rust-lang/crates.io-index"
checksum = "bd7a31eed1591dcbc95d92ad7161908e72f4677f8fabf2a32ca49b4237cbf211"

[[package]]
name = "regex"
version = "1.7.0"
source = "registry+https://github.com/rust-lang/crates.io-index"
checksum = "e076559ef8e241f2ae3479e36f97bd5741c0330689e217ad51ce2c76808b868a"
dependencies = [
 "aho-corasick",
 "memchr",
 "regex-syntax",
]

[[package]]
name = "regex-syntax"
version = "0.6.28"
source = "registry+https://github.com/rust-lang/crates.io-index"
checksum = "456c603be3e8d448b072f410900c09faf164fbce2d480456f50eea6e25f9c848"

[[package]]
name = "rtic-core"
version = "0.3.1"
source = "registry+https://github.com/rust-lang/crates.io-index"
checksum = "8bd58a6949de8ff797a346a28d9f13f7b8f54fa61bb5e3cb0985a4efb497a5ef"

[[package]]
name = "rtic-syntax"
version = "0.4.0"
source = "registry+https://github.com/rust-lang/crates.io-index"
checksum = "8152fcaa845720d61e6cc570548b89144c2c307f18a480bbd97e55e9f6eeff04"
dependencies = [
 "indexmap",
 "proc-macro2",
 "syn",
]

[[package]]
name = "rtt-target"
version = "0.3.1"
source = "registry+https://github.com/rust-lang/crates.io-index"
checksum = "065d6058bb1204f51a562a67209e1817cf714759d5cf845aa45c75fa7b0b9d9b"
dependencies = [
 "cortex-m 0.7.6",
 "ufmt-write",
]

[[package]]
name = "rustc_version"
version = "0.2.3"
source = "registry+https://github.com/rust-lang/crates.io-index"
checksum = "138e3e0acb6c9fb258b19b67cb8abd63c00679d2851805ea151465464fe9030a"
dependencies = [
 "semver 0.9.0",
]

[[package]]
name = "rustc_version"
version = "0.4.0"
source = "registry+https://github.com/rust-lang/crates.io-index"
checksum = "bfa0f585226d2e68097d4f95d113b15b83a82e819ab25717ec0590d9584ef366"
dependencies = [
 "semver 1.0.16",
]

[[package]]
name = "rustversion"
version = "1.0.11"
source = "registry+https://github.com/rust-lang/crates.io-index"
checksum = "5583e89e108996506031660fe09baa5011b9dd0341b89029313006d1fb508d70"

[[package]]
name = "scopeguard"
version = "1.1.0"
source = "registry+https://github.com/rust-lang/crates.io-index"
checksum = "d29ab0c6d3fc0ee92fe66e2d99f700eab17a8d57d1c1d3b748380fb20baa78cd"

[[package]]
name = "semver"
version = "0.9.0"
source = "registry+https://github.com/rust-lang/crates.io-index"
checksum = "1d7eb9ef2c18661902cc47e535f9bc51b78acd254da71d375c2f6720d9a40403"
dependencies = [
 "semver-parser",
]

[[package]]
name = "semver"
version = "1.0.16"
source = "registry+https://github.com/rust-lang/crates.io-index"
checksum = "58bc9567378fc7690d6b2addae4e60ac2eeea07becb2c64b9f218b53865cba2a"

[[package]]
name = "semver-parser"
version = "0.7.0"
source = "registry+https://github.com/rust-lang/crates.io-index"
checksum = "388a1df253eca08550bef6c72392cfe7c30914bf41df5269b68cbd6ff8f570a3"

[[package]]
name = "serde"
version = "1.0.152"
source = "registry+https://github.com/rust-lang/crates.io-index"
checksum = "bb7d1f0d3021d347a83e556fc4683dea2ea09d87bccdf88ff5c12545d89d5efb"

[[package]]
name = "simple-hex"
version = "0.1.0"
source = "registry+https://github.com/rust-lang/crates.io-index"
checksum = "b581d48c218869658cf5e61f33835dd69ef4722e1cad6f43157afa9f72c2d46e"

[[package]]
name = "spin"
version = "0.9.4"
source = "registry+https://github.com/rust-lang/crates.io-index"
checksum = "7f6002a767bff9e83f8eeecf883ecb8011875a21ae8da43bffb817a57e78cc09"
dependencies = [
 "lock_api",
]

[[package]]
name = "ssd1351"
version = "0.4.2"
source = "registry+https://github.com/rust-lang/crates.io-index"
checksum = "791086e9ee362d1c22c7fc1b59aaf78500ed72f4b4fad1942d72d89815aff143"
dependencies = [
 "embedded-graphics-core",
 "embedded-hal",
]

[[package]]
name = "stable_deref_trait"
version = "1.2.0"
source = "registry+https://github.com/rust-lang/crates.io-index"
checksum = "a8f112729512f8e442d81f95a8a7ddf2b7c6b8a1a6f509a95864142b30cab2d3"

[[package]]
name = "stm32l4"
version = "0.8.0"
source = "registry+https://github.com/rust-lang/crates.io-index"
checksum = "769f6c1c26a76d1554473b21039e1233dd1d02a0262f23f5161150c2dcf2f538"
dependencies = [
 "bare-metal 0.2.5",
 "cortex-m 0.6.7",
 "cortex-m-rt",
 "vcell",
]

[[package]]
name = "stm32l4xx-hal"
version = "0.5.0"
source = "registry+https://github.com/rust-lang/crates.io-index"
checksum = "77c0df38ebde0ddf030b782cf685d17e26dcba10ae5562649e43a28f4d69eea2"
dependencies = [
 "as-slice",
 "cast",
 "cortex-m 0.6.7",
 "embedded-hal",
 "nb 0.1.3",
 "stable_deref_trait",
 "stm32l4",
 "void",
]

[[package]]
name = "strsim"
version = "0.10.0"
source = "registry+https://github.com/rust-lang/crates.io-index"
checksum = "73473c0e59e6d5812c5dfe2a064a6444949f089e20eec9a2e5506596494e4623"

[[package]]
name = "strum"
version = "0.24.1"
source = "registry+https://github.com/rust-lang/crates.io-index"
checksum = "063e6045c0e62079840579a7e47a355ae92f60eb74daaf156fb1e84ba164e63f"

[[package]]
name = "strum_macros"
version = "0.24.3"
source = "registry+https://github.com/rust-lang/crates.io-index"
checksum = "1e385be0d24f186b4ce2f9982191e7101bb737312ad61c1f2f984f34bcf85d59"
dependencies = [
 "heck",
 "proc-macro2",
 "quote",
 "rustversion",
 "syn",
]

[[package]]
name = "syn"
version = "1.0.107"
source = "registry+https://github.com/rust-lang/crates.io-index"
checksum = "1f4064b5b16e03ae50984a5a8ed5d4f8803e6bc1fd170a3cda91a1be4b18e3f5"
dependencies = [
 "proc-macro2",
 "quote",
 "unicode-ident",
]

[[package]]
name = "time"
version = "0.3.17"
source = "registry+https://github.com/rust-lang/crates.io-index"
checksum = "a561bf4617eebd33bca6434b988f39ed798e527f51a1e797d0ee4f61c0a38376"
dependencies = [
 "time-core",
]

[[package]]
name = "time-core"
version = "0.1.0"
source = "registry+https://github.com/rust-lang/crates.io-index"
checksum = "2e153e1f1acaef8acc537e68b44906d2db6436e2b35ac2c6b42640fff91f00fd"

[[package]]
name = "typenum"
version = "1.16.0"
source = "registry+https://github.com/rust-lang/crates.io-index"
checksum = "497961ef93d974e23eb6f433eb5fe1b7930b659f06d12dec6fc44a8f554c0bba"

[[package]]
name = "ufmt-write"
version = "0.1.0"
source = "registry+https://github.com/rust-lang/crates.io-index"
checksum = "e87a2ed6b42ec5e28cc3b94c09982969e9227600b2e3dcbc1db927a84c06bd69"

[[package]]
name = "unicode-ident"
version = "1.0.6"
source = "registry+https://github.com/rust-lang/crates.io-index"
checksum = "84a22b9f218b40614adcb3f4ff08b703773ad44fa9423e4e0d346d5db86e4ebc"

[[package]]
name = "usb-device"
version = "0.2.9"
source = "registry+https://github.com/rust-lang/crates.io-index"
checksum = "1f6cc3adc849b5292b4075fc0d5fdcf2f24866e88e336dd27a8943090a520508"

[[package]]
name = "vcell"
version = "0.1.3"
source = "registry+https://github.com/rust-lang/crates.io-index"
checksum = "77439c1b53d2303b20d9459b1ade71a83c716e3f9c34f3228c00e6f185d6c002"

[[package]]
name = "version_check"
version = "0.9.4"
source = "registry+https://github.com/rust-lang/crates.io-index"
checksum = "49874b5167b65d7193b8aba1567f5c7d93d001cafc34600cee003eda787e483f"

[[package]]
name = "void"
version = "1.0.2"
source = "registry+https://github.com/rust-lang/crates.io-index"
checksum = "6a02e4885ed3bc0f2de90ea6dd45ebcbb66dacffe03547fadbb0eeae2770887d"

[[package]]
name = "volatile-register"
version = "0.2.1"
source = "registry+https://github.com/rust-lang/crates.io-index"
checksum = "9ee8f19f9d74293faf70901bc20ad067dc1ad390d2cbf1e3f75f721ffee908b6"
dependencies = [
 "vcell",
]

[[package]]
name = "xtensa-lx"
version = "0.7.0"
source = "registry+https://github.com/rust-lang/crates.io-index"
checksum = "b874b2b60f9c25682e0961fd53a802053e6950f7567bc6f2d6c734fb6d93f45a"
dependencies = [
 "bare-metal 1.0.0",
 "mutex-trait",
 "r0 1.0.0",
 "spin",
]

[[package]]
name = "xtensa-lx-rt"
version = "0.14.0"
source = "registry+https://github.com/rust-lang/crates.io-index"
checksum = "c5e7d36626db2a67ba9b874988181d1dac18706914e804fca846add0c5e5eddb"
dependencies = [
 "bare-metal 1.0.0",
 "core-isa-parser",
 "minijinja",
 "r0 1.0.0",
 "xtensa-lx-rt-proc-macros",
]

[[package]]
name = "xtensa-lx-rt-proc-macros"
version = "0.1.0"
source = "registry+https://github.com/rust-lang/crates.io-index"
checksum = "21a8200930e2dbd515c231f7a46033bd6dfe1497a8e9a539878f0de8f0cd730b"
dependencies = [
 "proc-macro2",
 "quote",
 "syn",
]
