# This file is automatically @generated by Cargo.
# It is not intended for manual editing.
version = 3

[[package]]
name = "aho-corasick"
version = "1.1.1"
source = "registry+https://github.com/rust-lang/crates.io-index"
checksum = "ea5d730647d4fadd988536d06fecce94b7b4f2a7efdae548f1cf4b63205518ab"
dependencies = [
 "memchr",
]

[[package]]
name = "aligned"
version = "0.2.0"
source = "registry+https://github.com/rust-lang/crates.io-index"
checksum = "d39da9b88ae1a81c03c9c082b8db83f1d0e93914126041962af61034ab44c4a5"

[[package]]
name = "aligned"
version = "0.3.5"
source = "registry+https://github.com/rust-lang/crates.io-index"
checksum = "3a785a543aea40f5e4e2e93bb2655d31bc21bb391fff65697150973e383f16bb"
dependencies = [
 "as-slice",
]

[[package]]
name = "anyhow"
version = "1.0.75"
source = "registry+https://github.com/rust-lang/crates.io-index"
checksum = "a4668cab20f66d8d020e1fbc0ebe47217433c1b6c8f2040faf858554e394ace6"

[[package]]
name = "as-slice"
version = "0.1.5"
source = "registry+https://github.com/rust-lang/crates.io-index"
checksum = "45403b49e3954a4b8428a0ac21a4b7afadccf92bfd96273f1a58cd4812496ae0"
dependencies = [
 "generic-array 0.12.4",
 "generic-array 0.13.3",
 "generic-array 0.14.7",
 "stable_deref_trait",
]

[[package]]
name = "atomic-polyfill"
version = "0.1.11"
source = "registry+https://github.com/rust-lang/crates.io-index"
checksum = "e3ff7eb3f316534d83a8a2c3d1674ace8a5a71198eba31e2e2b597833f699b28"
dependencies = [
 "critical-section",
]

[[package]]
name = "atomic-polyfill"
version = "1.0.3"
source = "registry+https://github.com/rust-lang/crates.io-index"
checksum = "8cf2bce30dfe09ef0bfaef228b9d414faaf7e563035494d7fe092dba54b300f4"
dependencies = [
 "critical-section",
]

[[package]]
name = "autocfg"
version = "1.1.0"
source = "registry+https://github.com/rust-lang/crates.io-index"
checksum = "d468802bab17cbc0cc575e9b053f41e72aa36bfa6b7f55e3529ffa43161b97fa"

[[package]]
name = "az"
version = "1.2.1"
source = "registry+https://github.com/rust-lang/crates.io-index"
checksum = "7b7e4c2464d97fe331d41de9d5db0def0a96f4d823b8b32a2efd503578988973"

[[package]]
name = "bare-metal"
version = "0.2.5"
source = "registry+https://github.com/rust-lang/crates.io-index"
checksum = "5deb64efa5bd81e31fcd1938615a6d98c82eafcbcd787162b6f63b91d6bac5b3"
dependencies = [
 "rustc_version 0.2.3",
]

[[package]]
name = "bare-metal"
version = "1.0.0"
source = "registry+https://github.com/rust-lang/crates.io-index"
checksum = "f8fe8f5a8a398345e52358e18ff07cc17a568fbca5c6f73873d3a62056309603"

[[package]]
name = "basic-toml"
version = "0.1.4"
source = "registry+https://github.com/rust-lang/crates.io-index"
checksum = "7bfc506e7a2370ec239e1d072507b2a80c833083699d3c6fa176fbb4de8448c6"
dependencies = [
 "serde",
]

[[package]]
name = "bitfield"
version = "0.13.2"
source = "registry+https://github.com/rust-lang/crates.io-index"
checksum = "46afbd2983a5d5a7bd740ccb198caf5b82f45c40c09c0eed36052d91cb92e719"

[[package]]
name = "bitfield"
version = "0.14.0"
source = "registry+https://github.com/rust-lang/crates.io-index"
checksum = "2d7e60934ceec538daadb9d8432424ed043a904d8e0243f3c6446bce549a46ac"

[[package]]
name = "bitflags"
version = "2.4.0"
source = "registry+https://github.com/rust-lang/crates.io-index"
checksum = "b4682ae6287fcf752ecaabbfcc7b6f9b72aa33933dc23a554d853aea8eea8635"

[[package]]
name = "build_const"
version = "0.2.2"
source = "registry+https://github.com/rust-lang/crates.io-index"
checksum = "b4ae4235e6dac0694637c763029ecea1a2ec9e4e06ec2729bd21ba4d9c863eb7"

[[package]]
name = "byteorder"
version = "1.4.3"
source = "registry+https://github.com/rust-lang/crates.io-index"
checksum = "14c189c53d098945499cdfa7ecc63567cf3886b3332b312a5b4585d8d3a6a610"

[[package]]
name = "cast"
version = "0.2.7"
source = "registry+https://github.com/rust-lang/crates.io-index"
checksum = "4c24dab4283a142afa2fdca129b80ad2c6284e073930f964c3a1293c225ee39a"
dependencies = [
 "rustc_version 0.4.0",
]

[[package]]
name = "cfg-if"
version = "1.0.0"
source = "registry+https://github.com/rust-lang/crates.io-index"
checksum = "baf1de4339761588bc0619e3cbc0120ee582ebb74b53b4efbf79117bd2da40fd"

[[package]]
name = "core-isa-parser"
version = "0.2.0"
source = "registry+https://github.com/rust-lang/crates.io-index"
checksum = "23ec98e54b735872e54b2335c2e5a5c7fa7d9c3bfd45500f75280f84089a0083"
dependencies = [
 "anyhow",
 "enum-as-inner",
 "regex",
 "strum 0.24.1",
 "strum_macros 0.24.3",
]

[[package]]
name = "cortex-m"
version = "0.5.11"
source = "registry+https://github.com/rust-lang/crates.io-index"
checksum = "59971a5cf4dacacaf738dd9d8660875118fce790f800f661893eb20894c1d622"
dependencies = [
 "aligned 0.2.0",
 "bare-metal 0.2.5",
 "cortex-m 0.6.7",
 "volatile-register",
]

[[package]]
name = "cortex-m"
version = "0.6.7"
source = "registry+https://github.com/rust-lang/crates.io-index"
checksum = "9075300b07c6a56263b9b582c214d0ff037b00d45ec9fde1cc711490c56f1bb9"
dependencies = [
 "aligned 0.3.5",
 "bare-metal 0.2.5",
 "bitfield 0.13.2",
 "cortex-m 0.7.7",
 "volatile-register",
]

[[package]]
name = "cortex-m"
version = "0.7.7"
source = "registry+https://github.com/rust-lang/crates.io-index"
checksum = "8ec610d8f49840a5b376c69663b6369e71f4b34484b9b2eb29fb918d92516cb9"
dependencies = [
 "bare-metal 0.2.5",
 "bitfield 0.13.2",
 "embedded-hal 0.2.7",
 "volatile-register",
]

[[package]]
name = "cortex-m-log"
version = "0.4.0"
source = "registry+https://github.com/rust-lang/crates.io-index"
checksum = "62d666a7362a29620140c5a0a8149dd31f06bd6a804240f32359a83ded1e210a"
dependencies = [
 "cortex-m 0.5.11",
 "log",
]

[[package]]
name = "cortex-m-rt"
version = "0.6.15"
source = "registry+https://github.com/rust-lang/crates.io-index"
checksum = "454f278bf469e2de0a4d22ea019d169d8944f86957c8207a39e3f66c32be2fc6"
dependencies = [
 "cortex-m-rt-macros",
 "r0 0.2.2",
]

[[package]]
name = "cortex-m-rt-macros"
version = "0.6.15"
source = "registry+https://github.com/rust-lang/crates.io-index"
checksum = "c8e3aa52243e26f5922fa522b0814019e0c98fc567e2756d715dce7ad7a81f49"
dependencies = [
 "proc-macro2",
 "quote",
 "syn 1.0.109",
]

[[package]]
name = "cortex-m-rtic"
version = "0.5.9"
source = "registry+https://github.com/rust-lang/crates.io-index"
checksum = "fb77bb72c171d0aa52a2954d8dc7e3f0800ab54b8df7d826f138abbea9eb2794"
dependencies = [
 "cortex-m 0.6.7",
 "cortex-m-rtic-macros",
 "heapless 0.6.1",
 "rtic-core",
 "version_check",
]

[[package]]
name = "cortex-m-rtic-macros"
version = "0.5.3"
source = "registry+https://github.com/rust-lang/crates.io-index"
checksum = "cc874eda99515b15e67f03562726a530388f454431096d30131051b52b840559"
dependencies = [
 "proc-macro2",
 "quote",
 "rtic-syntax",
 "syn 1.0.109",
]

[[package]]
name = "cortex-m-semihosting"
version = "0.3.7"
source = "registry+https://github.com/rust-lang/crates.io-index"
checksum = "6bffa6c1454368a6aa4811ae60964c38e6996d397ff8095a8b9211b1c1f749bc"
dependencies = [
 "cortex-m 0.7.7",
]

[[package]]
name = "crc"
version = "1.8.1"
source = "registry+https://github.com/rust-lang/crates.io-index"
checksum = "d663548de7f5cca343f1e0a48d14dcfb0e9eb4e079ec58883b7251539fa10aeb"
dependencies = [
 "build_const",
]

[[package]]
name = "critical-section"
version = "1.1.2"
source = "registry+https://github.com/rust-lang/crates.io-index"
checksum = "7059fff8937831a9ae6f0fe4d658ffabf58f2ca96aa9dec1c889f936f705f216"

[[package]]
name = "darling"
version = "0.13.4"
source = "registry+https://github.com/rust-lang/crates.io-index"
checksum = "a01d95850c592940db9b8194bc39f4bc0e89dee5c4265e4b1807c34a9aba453c"
dependencies = [
 "darling_core 0.13.4",
 "darling_macro 0.13.4",
]

[[package]]
name = "darling"
version = "0.20.3"
source = "registry+https://github.com/rust-lang/crates.io-index"
checksum = "0209d94da627ab5605dcccf08bb18afa5009cfbef48d8a8b7d7bdbc79be25c5e"
dependencies = [
 "darling_core 0.20.3",
 "darling_macro 0.20.3",
]

[[package]]
name = "darling_core"
version = "0.13.4"
source = "registry+https://github.com/rust-lang/crates.io-index"
checksum = "859d65a907b6852c9361e3185c862aae7fafd2887876799fa55f5f99dc40d610"
dependencies = [
 "fnv",
 "ident_case",
 "proc-macro2",
 "quote",
 "strsim",
 "syn 1.0.109",
]

[[package]]
name = "darling_core"
version = "0.20.3"
source = "registry+https://github.com/rust-lang/crates.io-index"
checksum = "177e3443818124b357d8e76f53be906d60937f0d3a90773a664fa63fa253e621"
dependencies = [
 "fnv",
 "ident_case",
 "proc-macro2",
 "quote",
 "strsim",
 "syn 2.0.37",
]

[[package]]
name = "darling_macro"
version = "0.13.4"
source = "registry+https://github.com/rust-lang/crates.io-index"
checksum = "9c972679f83bdf9c42bd905396b6c3588a843a17f0f16dfcfa3e2c5d57441835"
dependencies = [
 "darling_core 0.13.4",
 "quote",
 "syn 1.0.109",
]

[[package]]
name = "darling_macro"
version = "0.20.3"
source = "registry+https://github.com/rust-lang/crates.io-index"
checksum = "836a9bbc7ad63342d6d6e7b815ccab164bc77a2d95d84bc3117a8c0d5c98e2d5"
dependencies = [
 "darling_core 0.20.3",
 "quote",
 "syn 2.0.37",
]

[[package]]
name = "deranged"
version = "0.3.8"
source = "registry+https://github.com/rust-lang/crates.io-index"
checksum = "f2696e8a945f658fd14dc3b87242e6b80cd0f36ff04ea560fa39082368847946"

[[package]]
name = "embassy-executor"
version = "0.1.1"
source = "registry+https://github.com/rust-lang/crates.io-index"
checksum = "b4f2f7687ed60a799909eca1bf68b41e9f2ad03d740f0956a945ddabccc6aedb"
dependencies = [
 "atomic-polyfill 1.0.3",
 "cfg-if",
 "critical-section",
 "embassy-macros",
 "embassy-time",
 "futures-util",
 "static_cell",
]

[[package]]
name = "embassy-futures"
version = "0.1.0"
source = "registry+https://github.com/rust-lang/crates.io-index"
checksum = "47e5367165d347c039360f784812f493b001583ab6a3dd8622f4ce9c30374ec3"

[[package]]
name = "embassy-macros"
version = "0.1.0"
source = "registry+https://github.com/rust-lang/crates.io-index"
checksum = "c8f57fb96af50e126bb4ae0826604ac5b9f9ac1d32fb3576d552f7285bf68e67"
dependencies = [
 "darling 0.13.4",
 "proc-macro2",
 "quote",
 "syn 1.0.109",
]

[[package]]
name = "embassy-sync"
version = "0.2.0"
source = "registry+https://github.com/rust-lang/crates.io-index"
checksum = "a0dad296a6f70bfdc32ef52442a31f98c28e1608893c1cecc9b6f419bab005a0"
dependencies = [
 "cfg-if",
 "critical-section",
 "embedded-io 0.4.0",
 "futures-util",
 "heapless 0.7.16",
]

[[package]]
name = "embassy-time"
version = "0.1.3"
source = "registry+https://github.com/rust-lang/crates.io-index"
checksum = "94a9532d29ec2949c49079d85fd77422e3f4cdc133a71674743cd3b8d5a56a20"
dependencies = [
 "atomic-polyfill 1.0.3",
 "cfg-if",
 "critical-section",
 "embedded-hal 0.2.7",
 "embedded-hal-async",
 "futures-util",
 "heapless 0.7.16",
]

[[package]]
name = "embedded-can"
version = "0.4.1"
source = "registry+https://github.com/rust-lang/crates.io-index"
checksum = "e9d2e857f87ac832df68fa498d18ddc679175cf3d2e4aa893988e5601baf9438"
dependencies = [
 "nb 1.1.0",
]

[[package]]
name = "embedded-dma"
version = "0.2.0"
source = "registry+https://github.com/rust-lang/crates.io-index"
checksum = "994f7e5b5cb23521c22304927195f236813053eb9c065dd2226a32ba64695446"
dependencies = [
 "stable_deref_trait",
]

[[package]]
name = "embedded-graphics"
version = "0.7.1"
source = "registry+https://github.com/rust-lang/crates.io-index"
checksum = "750082c65094fbcc4baf9ba31583ce9a8bb7f52cadfb96f6164b1bc7f922f32b"
dependencies = [
 "az",
 "byteorder",
 "embedded-graphics-core",
 "float-cmp",
 "micromath",
]

[[package]]
name = "embedded-graphics-core"
version = "0.3.3"
source = "registry+https://github.com/rust-lang/crates.io-index"
checksum = "b8b1239db5f3eeb7e33e35bd10bd014e7b2537b17e071f726a09351431337cfa"
dependencies = [
 "az",
 "byteorder",
]

[[package]]
name = "embedded-hal"
version = "0.2.7"
source = "registry+https://github.com/rust-lang/crates.io-index"
checksum = "35949884794ad573cf46071e41c9b60efb0cb311e3ca01f7af807af1debc66ff"
dependencies = [
 "nb 0.1.3",
 "void",
]

[[package]]
name = "embedded-hal"
version = "1.0.0-rc.1"
source = "registry+https://github.com/rust-lang/crates.io-index"
checksum = "2894bc2f0457b8ca3d6b8ab8aad64d9337583672494013457f86c5a9146c0e22"

[[package]]
name = "embedded-hal-async"
version = "1.0.0-rc.1"
source = "registry+https://github.com/rust-lang/crates.io-index"
checksum = "76a8a3517745342155b3b00895a0f78417a453fb800d97a8bf4777d5720acde9"
dependencies = [
 "embedded-hal 1.0.0-rc.1",
]

[[package]]
name = "embedded-hal-nb"
version = "1.0.0-rc.1"
source = "registry+https://github.com/rust-lang/crates.io-index"
checksum = "257e3bb0163c69195acb0ebe0083b017b963235861d5ea9741626abdc55f39c9"
dependencies = [
 "embedded-hal 1.0.0-rc.1",
 "nb 1.1.0",
]

[[package]]
name = "embedded-io"
version = "0.4.0"
source = "registry+https://github.com/rust-lang/crates.io-index"
checksum = "ef1a6892d9eef45c8fa6b9e0086428a2cca8491aca8f787c534a3d6d0bcb3ced"

[[package]]
name = "embedded-io"
version = "0.5.0"
source = "registry+https://github.com/rust-lang/crates.io-index"
checksum = "658bbadc628dc286b9ae02f0cb0f5411c056eb7487b72f0083203f115de94060"

[[package]]
name = "embedded-io-async"
version = "0.5.0"
source = "registry+https://github.com/rust-lang/crates.io-index"
checksum = "1394754ad749a560b25a0c70dcd2b66a450824a1311fc475bb2ccbfabe7f8414"
dependencies = [
 "embedded-io 0.5.0",
]

[[package]]
name = "enum-as-inner"
version = "0.4.0"
source = "registry+https://github.com/rust-lang/crates.io-index"
checksum = "21cdad81446a7f7dc43f6a77409efeb9733d2fa65553efef6018ef257c959b73"
dependencies = [
 "heck",
 "proc-macro2",
 "quote",
 "syn 1.0.109",
]

[[package]]
name = "equivalent"
version = "1.0.1"
source = "registry+https://github.com/rust-lang/crates.io-index"
checksum = "5443807d6dff69373d433ab9ef5378ad8df50ca6298caf15de6e52e24aaf54d5"

[[package]]
name = "esp-backtrace"
version = "0.8.0"
source = "registry+https://github.com/rust-lang/crates.io-index"
checksum = "4c7d3ecccb0df809cb6ca79b08f863271c0aa24f586df96272988a85d34dfa62"
dependencies = [
 "esp-println",
]

[[package]]
name = "esp-hal-common"
version = "0.12.0"
source = "registry+https://github.com/rust-lang/crates.io-index"
checksum = "29b785e4195e1e1e6fae5b8c7fc44a1a71efa94e0b69527a38cce64815bfe7a6"
dependencies = [
 "basic-toml",
 "bitfield 0.14.0",
 "bitflags",
 "cfg-if",
 "critical-section",
 "embassy-futures",
 "embassy-sync",
 "embassy-time",
 "embedded-can",
 "embedded-dma",
 "embedded-hal 0.2.7",
 "embedded-hal 1.0.0-rc.1",
 "embedded-hal-async",
 "embedded-hal-nb",
 "embedded-io 0.5.0",
 "embedded-io-async",
 "esp-hal-procmacros",
 "esp-synopsys-usb-otg",
 "esp32s3",
 "fugit",
 "lock_api",
 "nb 1.1.0",
 "paste",
 "serde",
 "strum 0.25.0",
 "usb-device",
 "void",
 "xtensa-lx",
 "xtensa-lx-rt",
]

[[package]]
name = "esp-hal-procmacros"
version = "0.6.1"
source = "registry+https://github.com/rust-lang/crates.io-index"
checksum = "d4cdf19581f9b0bb2b57b1549a2e639342825344b52f34048ddb29c46efa30de"
dependencies = [
 "darling 0.20.3",
 "proc-macro-crate",
 "proc-macro-error",
 "proc-macro2",
 "quote",
 "syn 2.0.37",
]

[[package]]
name = "esp-println"
version = "0.6.0"
source = "registry+https://github.com/rust-lang/crates.io-index"
checksum = "79b429ea925356d60c10d7214cf0e1777d9578c1287cd50aad09df3c22c4c2f1"
dependencies = [
 "critical-section",
 "log",
]

[[package]]
name = "esp-synopsys-usb-otg"
version = "0.3.2"
source = "registry+https://github.com/rust-lang/crates.io-index"
checksum = "5cc6734e87e7b86858f7884649deae6bf634d1e6f5b2d078e457cf4d72c541ec"
dependencies = [
 "critical-section",
 "embedded-hal 0.2.7",
 "usb-device",
 "vcell",
]

[[package]]
name = "esp32s3"
version = "0.21.0"
source = "registry+https://github.com/rust-lang/crates.io-index"
checksum = "6991fd4a8ac00e7be2646a09c3da992b69e57a0b1da2570c4cd5a58c613a3a11"
dependencies = [
 "critical-section",
 "vcell",
 "xtensa-lx",
]

[[package]]
name = "esp32s3-hal"
version = "0.12.0"
source = "registry+https://github.com/rust-lang/crates.io-index"
checksum = "3f64ce29b9649d2ab4778525362388831f8fa7653052a7ad15ec970048bb9b49"
dependencies = [
 "embassy-time",
 "esp-hal-common",
]

[[package]]
name = "float-cmp"
version = "0.8.0"
source = "registry+https://github.com/rust-lang/crates.io-index"
checksum = "e1267f4ac4f343772758f7b1bdcbe767c218bbab93bb432acbf5162bbf85a6c4"
dependencies = [
 "num-traits",
]

[[package]]
name = "fnv"
version = "1.0.7"
source = "registry+https://github.com/rust-lang/crates.io-index"
checksum = "3f9eec918d3f24069decb9af1554cad7c880e2da24a9afd88aca000531ab82c1"

[[package]]
name = "fugit"
version = "0.3.7"
source = "registry+https://github.com/rust-lang/crates.io-index"
checksum = "17186ad64927d5ac8f02c1e77ccefa08ccd9eaa314d5a4772278aa204a22f7e7"
dependencies = [
 "gcd",
]

[[package]]
name = "futures-core"
version = "0.3.28"
source = "registry+https://github.com/rust-lang/crates.io-index"
checksum = "4bca583b7e26f571124fe5b7561d49cb2868d79116cfa0eefce955557c6fee8c"

[[package]]
name = "futures-task"
version = "0.3.28"
source = "registry+https://github.com/rust-lang/crates.io-index"
checksum = "76d3d132be6c0e6aa1534069c705a74a5997a356c0dc2f86a47765e5617c5b65"

[[package]]
name = "futures-util"
version = "0.3.28"
source = "registry+https://github.com/rust-lang/crates.io-index"
checksum = "26b01e40b772d54cf6c6d721c1d1abd0647a0106a12ecaa1c186273392a69533"
dependencies = [
 "futures-core",
 "futures-task",
 "pin-project-lite",
 "pin-utils",
]

[[package]]
name = "gcd"
version = "2.3.0"
source = "registry+https://github.com/rust-lang/crates.io-index"
checksum = "1d758ba1b47b00caf47f24925c0074ecb20d6dfcffe7f6d53395c0465674841a"

[[package]]
name = "generic-array"
version = "0.11.2"
source = "registry+https://github.com/rust-lang/crates.io-index"
checksum = "667f6ea017b297ec65b8a108c6e9ad6879460721fb3b6b23abf690970147fc28"
dependencies = [
 "typenum",
]

[[package]]
name = "generic-array"
version = "0.12.4"
source = "registry+https://github.com/rust-lang/crates.io-index"
checksum = "ffdf9f34f1447443d37393cc6c2b8313aebddcd96906caf34e54c68d8e57d7bd"
dependencies = [
 "typenum",
]

[[package]]
name = "generic-array"
version = "0.13.3"
source = "registry+https://github.com/rust-lang/crates.io-index"
checksum = "f797e67af32588215eaaab8327027ee8e71b9dd0b2b26996aedf20c030fce309"
dependencies = [
 "typenum",
]

[[package]]
name = "generic-array"
version = "0.14.7"
source = "registry+https://github.com/rust-lang/crates.io-index"
checksum = "85649ca51fd72272d7821adaf274ad91c288277713d9c18820d8499a7ff69e9a"
dependencies = [
 "typenum",
 "version_check",
]

[[package]]
name = "hash32"
version = "0.1.1"
source = "registry+https://github.com/rust-lang/crates.io-index"
checksum = "d4041af86e63ac4298ce40e5cca669066e75b6f1aa3390fe2561ffa5e1d9f4cc"
dependencies = [
 "byteorder",
]

[[package]]
name = "hash32"
version = "0.2.1"
source = "registry+https://github.com/rust-lang/crates.io-index"
checksum = "b0c35f58762feb77d74ebe43bdbc3210f09be9fe6742234d573bacc26ed92b67"
dependencies = [
 "byteorder",
]

[[package]]
name = "hashbrown"
version = "0.12.3"
source = "registry+https://github.com/rust-lang/crates.io-index"
checksum = "8a9ee70c43aaf417c914396645a0fa852624801b24ebb7ae78fe8272889ac888"

[[package]]
name = "hashbrown"
version = "0.14.0"
source = "registry+https://github.com/rust-lang/crates.io-index"
checksum = "2c6201b9ff9fd90a5a3bac2e56a830d0caa509576f0e503818ee82c181b3437a"

[[package]]
name = "heapless"
version = "0.4.4"
source = "registry+https://github.com/rust-lang/crates.io-index"
checksum = "e1ae80bbc62401ae8096976857172507cadbd2200f36670e5144634360a05959"
dependencies = [
 "as-slice",
 "generic-array 0.11.2",
 "hash32 0.1.1",
]

[[package]]
name = "heapless"
version = "0.6.1"
source = "registry+https://github.com/rust-lang/crates.io-index"
checksum = "634bd4d29cbf24424d0a4bfcbf80c6960129dc24424752a7d1d1390607023422"
dependencies = [
 "as-slice",
 "generic-array 0.14.7",
 "hash32 0.1.1",
 "stable_deref_trait",
]

[[package]]
name = "heapless"
version = "0.7.16"
source = "registry+https://github.com/rust-lang/crates.io-index"
checksum = "db04bc24a18b9ea980628ecf00e6c0264f3c1426dac36c00cb49b6fbad8b0743"
dependencies = [
 "atomic-polyfill 0.1.11",
 "hash32 0.2.1",
 "rustc_version 0.4.0",
 "spin",
 "stable_deref_trait",
]

[[package]]
name = "heck"
version = "0.4.1"
source = "registry+https://github.com/rust-lang/crates.io-index"
checksum = "95505c38b4572b2d910cecb0281560f54b440a19336cbbcb27bf6ce6adc6f5a8"

[[package]]
name = "hm11"
version = "0.2.1"
source = "registry+https://github.com/rust-lang/crates.io-index"
checksum = "bfabb682fcb7cf6e15c57bd9beda42c0aaa11ca1db1466f56dbf41a161cf1bbf"
dependencies = [
 "embedded-hal 0.2.7",
 "heapless 0.4.4",
 "nb 0.1.3",
]

[[package]]
name = "ident_case"
version = "1.0.1"
source = "registry+https://github.com/rust-lang/crates.io-index"
checksum = "b9e0384b61958566e926dc50660321d12159025e767c18e043daf26b70104c39"

[[package]]
name = "indexmap"
version = "1.9.3"
source = "registry+https://github.com/rust-lang/crates.io-index"
checksum = "bd070e393353796e801d209ad339e89596eb4c8d430d18ede6a1cced8fafbd99"
dependencies = [
 "autocfg",
 "hashbrown 0.12.3",
]

[[package]]
name = "indexmap"
version = "2.0.0"
source = "registry+https://github.com/rust-lang/crates.io-index"
checksum = "d5477fe2230a79769d8dc68e0eabf5437907c0457a5614a9e8dddb67f65eb65d"
dependencies = [
 "equivalent",
 "hashbrown 0.14.0",
]

[[package]]
name = "kernel-esp32s3"
version = "0.1.0"
dependencies = [
 "embassy-executor",
 "embassy-futures",
 "embassy-time",
 "embedded-hal-async",
 "esp-backtrace",
 "esp-println",
 "esp32s3-hal",
 "log",
 "mwatch_kernel",
 "static_cell",
 "xtensa-lx-rt",
]

[[package]]
name = "lock_api"
version = "0.4.10"
source = "registry+https://github.com/rust-lang/crates.io-index"
checksum = "c1cc9717a20b1bb222f333e6a92fd32f7d8a18ddc5a3191a11af45dcbf4dcd16"
dependencies = [
 "autocfg",
 "scopeguard",
]

[[package]]
name = "log"
version = "0.4.20"
source = "registry+https://github.com/rust-lang/crates.io-index"
checksum = "b5e6163cb8c49088c2c36f57875e58ccd8c87c7427f7fbd50ea6710b2f3f2e8f"

[[package]]
name = "max17048"
version = "0.1.0"
source = "registry+https://github.com/rust-lang/crates.io-index"
checksum = "98c522e4c30912075a931cef0ede9d43e3ae0d60ffe27d5aa04f4b108521f3a4"
dependencies = [
 "embedded-hal 0.2.7",
]

[[package]]
name = "memchr"
version = "2.6.3"
source = "registry+https://github.com/rust-lang/crates.io-index"
checksum = "8f232d6ef707e1956a43342693d2a31e72989554d58299d7a88738cc95b0d35c"

[[package]]
name = "micromath"
version = "1.1.1"
source = "registry+https://github.com/rust-lang/crates.io-index"
checksum = "bc4010833aea396656c2f91ee704d51a6f1329ec2ab56ffd00bfd56f7481ea94"

[[package]]
name = "minijinja"
version = "1.0.8"
source = "registry+https://github.com/rust-lang/crates.io-index"
checksum = "80084fa3099f58b7afab51e5f92e24c2c2c68dcad26e96ad104bd6011570461d"
dependencies = [
 "serde",
]

[[package]]
name = "mutex-trait"
version = "0.2.0"
source = "registry+https://github.com/rust-lang/crates.io-index"
checksum = "b4bb1638d419e12f8b1c43d9e639abd0d1424285bdea2f76aa231e233c63cd3a"

[[package]]
name = "mwatch-kernel-stm32l4"
version = "2.0.0"
dependencies = [
 "cfg-if",
 "cortex-m 0.5.11",
 "cortex-m-log",
 "cortex-m-rt",
 "cortex-m-rtic",
 "crc",
 "embedded-graphics",
 "embedded-hal 0.2.7",
 "heapless 0.7.16",
 "hm11",
 "log",
 "max17048",
 "mwatch_kernel",
 "panic-itm",
 "panic-rtt-target",
 "panic-semihosting",
 "rtt-target",
 "simple-hex",
 "ssd1351",
 "stm32l4xx-hal",
 "time",
]

[[package]]
name = "mwatch_kernel"
version = "2.0.0"
dependencies = [
 "crc",
 "embedded-graphics",
 "embedded-hal 0.2.7",
 "heapless 0.7.16",
 "log",
 "simple-hex",
 "time",
]

[[package]]
name = "nb"
version = "0.1.3"
source = "registry+https://github.com/rust-lang/crates.io-index"
checksum = "801d31da0513b6ec5214e9bf433a77966320625a37860f910be265be6e18d06f"
dependencies = [
 "nb 1.1.0",
]

[[package]]
name = "nb"
version = "1.1.0"
source = "registry+https://github.com/rust-lang/crates.io-index"
checksum = "8d5439c4ad607c3c23abf66de8c8bf57ba8adcd1f129e699851a6e43935d339d"

[[package]]
name = "num-traits"
version = "0.2.16"
source = "registry+https://github.com/rust-lang/crates.io-index"
checksum = "f30b0abd723be7e2ffca1272140fac1a2f084c77ec3e123c192b66af1ee9e6c2"
dependencies = [
 "autocfg",
]

[[package]]
name = "once_cell"
version = "1.18.0"
source = "registry+https://github.com/rust-lang/crates.io-index"
checksum = "dd8b5dd2ae5ed71462c540258bedcb51965123ad7e7ccf4b9a8cafaa4a63576d"

[[package]]
name = "panic-itm"
version = "0.4.2"
source = "registry+https://github.com/rust-lang/crates.io-index"
checksum = "3d577d97d1b31268087b6dddf2470e6794ef5eee87d9dca7fcd0481695391a4c"
dependencies = [
 "cortex-m 0.7.7",
]

[[package]]
name = "panic-rtt-target"
version = "0.1.2"
source = "registry+https://github.com/rust-lang/crates.io-index"
checksum = "0d6ab67bc881453e4c90f958c657c1303670ea87bc1a16e87fd71a40f656dce9"
dependencies = [
 "cortex-m 0.7.7",
 "rtt-target",
]

[[package]]
name = "panic-semihosting"
version = "0.5.6"
source = "registry+https://github.com/rust-lang/crates.io-index"
checksum = "c3d55dedd501dfd02514646e0af4d7016ce36bc12ae177ef52056989966a1eec"
dependencies = [
 "cortex-m 0.7.7",
 "cortex-m-semihosting",
]

[[package]]
name = "paste"
version = "1.0.14"
source = "registry+https://github.com/rust-lang/crates.io-index"
checksum = "de3145af08024dea9fa9914f381a17b8fc6034dfb00f3a84013f7ff43f29ed4c"

[[package]]
name = "pin-project-lite"
version = "0.2.13"
source = "registry+https://github.com/rust-lang/crates.io-index"
checksum = "8afb450f006bf6385ca15ef45d71d2288452bc3683ce2e2cacc0d18e4be60b58"

[[package]]
name = "pin-utils"
version = "0.1.0"
source = "registry+https://github.com/rust-lang/crates.io-index"
checksum = "8b870d8c151b6f2fb93e84a13146138f05d02ed11c7e7c54f8826aaaf7c9f184"

[[package]]
name = "proc-macro-crate"
version = "1.3.1"
source = "registry+https://github.com/rust-lang/crates.io-index"
checksum = "7f4c021e1093a56626774e81216a4ce732a735e5bad4868a03f3ed65ca0c3919"
dependencies = [
 "once_cell",
 "toml_edit",
]

[[package]]
name = "proc-macro-error"
version = "1.0.4"
source = "registry+https://github.com/rust-lang/crates.io-index"
checksum = "da25490ff9892aab3fcf7c36f08cfb902dd3e71ca0f9f9517bea02a73a5ce38c"
dependencies = [
 "proc-macro-error-attr",
 "proc-macro2",
 "quote",
 "syn 1.0.109",
 "version_check",
]

[[package]]
name = "proc-macro-error-attr"
version = "1.0.4"
source = "registry+https://github.com/rust-lang/crates.io-index"
checksum = "a1be40180e52ecc98ad80b184934baf3d0d29f979574e439af5a55274b35f869"
dependencies = [
 "proc-macro2",
 "quote",
 "version_check",
]

[[package]]
name = "proc-macro2"
version = "1.0.67"
source = "registry+https://github.com/rust-lang/crates.io-index"
checksum = "3d433d9f1a3e8c1263d9456598b16fec66f4acc9a74dacffd35c7bb09b3a1328"
dependencies = [
 "unicode-ident",
]

[[package]]
name = "quote"
version = "1.0.33"
source = "registry+https://github.com/rust-lang/crates.io-index"
checksum = "5267fca4496028628a95160fc423a33e8b2e6af8a5302579e322e4b520293cae"
dependencies = [
 "proc-macro2",
]

[[package]]
name = "r0"
version = "0.2.2"
source = "registry+https://github.com/rust-lang/crates.io-index"
checksum = "e2a38df5b15c8d5c7e8654189744d8e396bddc18ad48041a500ce52d6948941f"

[[package]]
name = "r0"
version = "1.0.0"
source = "registry+https://github.com/rust-lang/crates.io-index"
checksum = "bd7a31eed1591dcbc95d92ad7161908e72f4677f8fabf2a32ca49b4237cbf211"

[[package]]
name = "regex"
version = "1.9.5"
source = "registry+https://github.com/rust-lang/crates.io-index"
checksum = "697061221ea1b4a94a624f67d0ae2bfe4e22b8a17b6a192afb11046542cc8c47"
dependencies = [
 "aho-corasick",
 "memchr",
 "regex-automata",
 "regex-syntax",
]

[[package]]
name = "regex-automata"
version = "0.3.8"
source = "registry+https://github.com/rust-lang/crates.io-index"
checksum = "c2f401f4955220693b56f8ec66ee9c78abffd8d1c4f23dc41a23839eb88f0795"
dependencies = [
 "aho-corasick",
 "memchr",
 "regex-syntax",
]

[[package]]
name = "regex-syntax"
version = "0.7.5"
source = "registry+https://github.com/rust-lang/crates.io-index"
checksum = "dbb5fb1acd8a1a18b3dd5be62d25485eb770e05afb408a9627d14d451bae12da"

[[package]]
name = "rtic-core"
version = "0.3.1"
source = "registry+https://github.com/rust-lang/crates.io-index"
checksum = "8bd58a6949de8ff797a346a28d9f13f7b8f54fa61bb5e3cb0985a4efb497a5ef"

[[package]]
name = "rtic-syntax"
version = "0.4.0"
source = "registry+https://github.com/rust-lang/crates.io-index"
checksum = "8152fcaa845720d61e6cc570548b89144c2c307f18a480bbd97e55e9f6eeff04"
dependencies = [
 "indexmap 1.9.3",
 "proc-macro2",
 "syn 1.0.109",
]

[[package]]
name = "rtt-target"
version = "0.3.1"
source = "registry+https://github.com/rust-lang/crates.io-index"
checksum = "065d6058bb1204f51a562a67209e1817cf714759d5cf845aa45c75fa7b0b9d9b"
dependencies = [
 "cortex-m 0.7.7",
 "ufmt-write",
]

[[package]]
name = "rustc_version"
version = "0.2.3"
source = "registry+https://github.com/rust-lang/crates.io-index"
checksum = "138e3e0acb6c9fb258b19b67cb8abd63c00679d2851805ea151465464fe9030a"
dependencies = [
 "semver 0.9.0",
]

[[package]]
name = "rustc_version"
version = "0.4.0"
source = "registry+https://github.com/rust-lang/crates.io-index"
checksum = "bfa0f585226d2e68097d4f95d113b15b83a82e819ab25717ec0590d9584ef366"
dependencies = [
 "semver 1.0.19",
]

[[package]]
name = "rustversion"
version = "1.0.14"
source = "registry+https://github.com/rust-lang/crates.io-index"
checksum = "7ffc183a10b4478d04cbbbfc96d0873219d962dd5accaff2ffbd4ceb7df837f4"

[[package]]
name = "scopeguard"
version = "1.2.0"
source = "registry+https://github.com/rust-lang/crates.io-index"
checksum = "94143f37725109f92c262ed2cf5e59bce7498c01bcc1502d7b9afe439a4e9f49"

[[package]]
name = "semver"
version = "0.9.0"
source = "registry+https://github.com/rust-lang/crates.io-index"
checksum = "1d7eb9ef2c18661902cc47e535f9bc51b78acd254da71d375c2f6720d9a40403"
dependencies = [
 "semver-parser",
]

[[package]]
name = "semver"
version = "1.0.19"
source = "registry+https://github.com/rust-lang/crates.io-index"
checksum = "ad977052201c6de01a8ef2aa3378c4bd23217a056337d1d6da40468d267a4fb0"

[[package]]
name = "semver-parser"
version = "0.7.0"
source = "registry+https://github.com/rust-lang/crates.io-index"
checksum = "388a1df253eca08550bef6c72392cfe7c30914bf41df5269b68cbd6ff8f570a3"

[[package]]
name = "serde"
version = "1.0.188"
source = "registry+https://github.com/rust-lang/crates.io-index"
checksum = "cf9e0fcba69a370eed61bcf2b728575f726b50b55cba78064753d708ddc7549e"
dependencies = [
 "serde_derive",
]

[[package]]
name = "serde_derive"
version = "1.0.188"
source = "registry+https://github.com/rust-lang/crates.io-index"
checksum = "4eca7ac642d82aa35b60049a6eccb4be6be75e599bd2e9adb5f875a737654af2"
dependencies = [
 "proc-macro2",
 "quote",
 "syn 2.0.37",
]

[[package]]
name = "simple-hex"
version = "0.1.0"
source = "registry+https://github.com/rust-lang/crates.io-index"
checksum = "b581d48c218869658cf5e61f33835dd69ef4722e1cad6f43157afa9f72c2d46e"

[[package]]
name = "spin"
version = "0.9.8"
source = "registry+https://github.com/rust-lang/crates.io-index"
checksum = "6980e8d7511241f8acf4aebddbb1ff938df5eebe98691418c4468d0b72a96a67"
dependencies = [
 "lock_api",
]

[[package]]
name = "ssd1351"
version = "0.4.2"
source = "registry+https://github.com/rust-lang/crates.io-index"
checksum = "791086e9ee362d1c22c7fc1b59aaf78500ed72f4b4fad1942d72d89815aff143"
dependencies = [
 "embedded-graphics-core",
 "embedded-hal 0.2.7",
]

[[package]]
name = "stable_deref_trait"
version = "1.2.0"
source = "registry+https://github.com/rust-lang/crates.io-index"
checksum = "a8f112729512f8e442d81f95a8a7ddf2b7c6b8a1a6f509a95864142b30cab2d3"

[[package]]
name = "static_cell"
version = "1.2.0"
source = "registry+https://github.com/rust-lang/crates.io-index"
checksum = "49cd323fc21eb534f903ee78d781d622099f9716c5b408ed23bcf39f8f1651c0"
dependencies = [
 "atomic-polyfill 1.0.3",
]

[[package]]
name = "stm32l4"
version = "0.8.0"
source = "registry+https://github.com/rust-lang/crates.io-index"
checksum = "769f6c1c26a76d1554473b21039e1233dd1d02a0262f23f5161150c2dcf2f538"
dependencies = [
 "bare-metal 0.2.5",
 "cortex-m 0.6.7",
 "cortex-m-rt",
 "vcell",
]

[[package]]
name = "stm32l4xx-hal"
version = "0.5.0"
source = "registry+https://github.com/rust-lang/crates.io-index"
checksum = "77c0df38ebde0ddf030b782cf685d17e26dcba10ae5562649e43a28f4d69eea2"
dependencies = [
 "as-slice",
 "cast",
 "cortex-m 0.6.7",
 "embedded-hal 0.2.7",
 "nb 0.1.3",
 "stable_deref_trait",
 "stm32l4",
 "void",
]

[[package]]
name = "strsim"
version = "0.10.0"
source = "registry+https://github.com/rust-lang/crates.io-index"
checksum = "73473c0e59e6d5812c5dfe2a064a6444949f089e20eec9a2e5506596494e4623"

[[package]]
name = "strum"
version = "0.24.1"
source = "registry+https://github.com/rust-lang/crates.io-index"
checksum = "063e6045c0e62079840579a7e47a355ae92f60eb74daaf156fb1e84ba164e63f"

[[package]]
name = "strum"
version = "0.25.0"
source = "registry+https://github.com/rust-lang/crates.io-index"
checksum = "290d54ea6f91c969195bdbcd7442c8c2a2ba87da8bf60a7ee86a235d4bc1e125"
dependencies = [
 "strum_macros 0.25.2",
]

[[package]]
name = "strum_macros"
version = "0.24.3"
source = "registry+https://github.com/rust-lang/crates.io-index"
checksum = "1e385be0d24f186b4ce2f9982191e7101bb737312ad61c1f2f984f34bcf85d59"
dependencies = [
 "heck",
 "proc-macro2",
 "quote",
 "rustversion",
 "syn 1.0.109",
]

[[package]]
name = "strum_macros"
version = "0.25.2"
source = "registry+https://github.com/rust-lang/crates.io-index"
checksum = "ad8d03b598d3d0fff69bf533ee3ef19b8eeb342729596df84bcc7e1f96ec4059"
dependencies = [
 "heck",
 "proc-macro2",
 "quote",
 "rustversion",
 "syn 2.0.37",
]

[[package]]
name = "syn"
version = "1.0.109"
source = "registry+https://github.com/rust-lang/crates.io-index"
checksum = "72b64191b275b66ffe2469e8af2c1cfe3bafa67b529ead792a6d0160888b4237"
dependencies = [
 "proc-macro2",
 "quote",
 "unicode-ident",
]

[[package]]
name = "syn"
version = "2.0.37"
source = "registry+https://github.com/rust-lang/crates.io-index"
checksum = "7303ef2c05cd654186cb250d29049a24840ca25d2747c25c0381c8d9e2f582e8"
dependencies = [
 "proc-macro2",
 "quote",
 "unicode-ident",
]

[[package]]
name = "time"
version = "0.3.28"
source = "registry+https://github.com/rust-lang/crates.io-index"
checksum = "17f6bb557fd245c28e6411aa56b6403c689ad95061f50e4be16c274e70a17e48"
dependencies = [
 "deranged",
 "time-core",
]

[[package]]
name = "time-core"
version = "0.1.1"
source = "registry+https://github.com/rust-lang/crates.io-index"
checksum = "7300fbefb4dadc1af235a9cef3737cea692a9d97e1b9cbcd4ebdae6f8868e6fb"

[[package]]
name = "toml_datetime"
version = "0.6.3"
source = "registry+https://github.com/rust-lang/crates.io-index"
checksum = "7cda73e2f1397b1262d6dfdcef8aafae14d1de7748d66822d3bfeeb6d03e5e4b"

[[package]]
name = "toml_edit"
version = "0.19.15"
source = "registry+https://github.com/rust-lang/crates.io-index"
checksum = "1b5bb770da30e5cbfde35a2d7b9b8a2c4b8ef89548a7a6aeab5c9a576e3e7421"
dependencies = [
 "indexmap 2.0.0",
 "toml_datetime",
 "winnow",
]

[[package]]
name = "typenum"
version = "1.17.0"
source = "registry+https://github.com/rust-lang/crates.io-index"
checksum = "42ff0bf0c66b8238c6f3b578df37d0b7848e55df8577b3f74f92a69acceeb825"

[[package]]
name = "ufmt-write"
version = "0.1.0"
source = "registry+https://github.com/rust-lang/crates.io-index"
checksum = "e87a2ed6b42ec5e28cc3b94c09982969e9227600b2e3dcbc1db927a84c06bd69"

[[package]]
name = "unicode-ident"
version = "1.0.12"
source = "registry+https://github.com/rust-lang/crates.io-index"
checksum = "3354b9ac3fae1ff6755cb6db53683adb661634f67557942dea4facebec0fee4b"

[[package]]
name = "usb-device"
version = "0.2.9"
source = "registry+https://github.com/rust-lang/crates.io-index"
checksum = "1f6cc3adc849b5292b4075fc0d5fdcf2f24866e88e336dd27a8943090a520508"

[[package]]
name = "vcell"
version = "0.1.3"
source = "registry+https://github.com/rust-lang/crates.io-index"
checksum = "77439c1b53d2303b20d9459b1ade71a83c716e3f9c34f3228c00e6f185d6c002"

[[package]]
name = "version_check"
version = "0.9.4"
source = "registry+https://github.com/rust-lang/crates.io-index"
checksum = "49874b5167b65d7193b8aba1567f5c7d93d001cafc34600cee003eda787e483f"

[[package]]
name = "void"
version = "1.0.2"
source = "registry+https://github.com/rust-lang/crates.io-index"
checksum = "6a02e4885ed3bc0f2de90ea6dd45ebcbb66dacffe03547fadbb0eeae2770887d"

[[package]]
name = "volatile-register"
version = "0.2.1"
source = "registry+https://github.com/rust-lang/crates.io-index"
checksum = "9ee8f19f9d74293faf70901bc20ad067dc1ad390d2cbf1e3f75f721ffee908b6"
dependencies = [
 "vcell",
]

[[package]]
name = "winnow"
version = "0.5.15"
source = "registry+https://github.com/rust-lang/crates.io-index"
checksum = "7c2e3184b9c4e92ad5167ca73039d0c42476302ab603e2fec4487511f38ccefc"
dependencies = [
 "memchr",
]

[[package]]
name = "xtensa-lx"
version = "0.8.0"
source = "registry+https://github.com/rust-lang/crates.io-index"
checksum = "9490addc0a1edd86e571a9ed8063f33d8224f981e61bbf72279671ed0cb4bb7c"
dependencies = [
 "bare-metal 1.0.0",
 "mutex-trait",
 "spin",
]

[[package]]
name = "xtensa-lx-rt"
version = "0.16.0"
source = "registry+https://github.com/rust-lang/crates.io-index"
checksum = "904102108b780c9a5e3275c5f3c63dc348ec43ae5da5237868515498b447d51a"
dependencies = [
 "bare-metal 1.0.0",
 "core-isa-parser",
 "minijinja",
 "r0 1.0.0",
 "xtensa-lx-rt-proc-macros",
]

[[package]]
name = "xtensa-lx-rt-proc-macros"
version = "0.2.1"
source = "registry+https://github.com/rust-lang/crates.io-index"
checksum = "082cdede098bbec9af15b0e74085e5f3d16f2923597de7aed7b8112003af2da7"
dependencies = [
 "darling 0.20.3",
 "proc-macro2",
 "quote",
 "syn 2.0.37",
]
